// !$*UTF8*$!
{
	archiveVersion = 1;
	classes = {
	};
	objectVersion = 56;
	objects = {

/* Begin PBXBuildFile section */
		91716B932ADA4154004223CA /* ImagePicker.swift in Sources */ = {isa = PBXBuildFile; fileRef = 91716B922ADA4154004223CA /* ImagePicker.swift */; };
		917520B52ADB8B9A00188A57 /* Torch.xcframework in Frameworks */ = {isa = PBXBuildFile; fileRef = 917520B42ADB8B9A00188A57 /* Torch.xcframework */; };
		917520B62ADB8B9A00188A57 /* Torch.xcframework in Embed Frameworks */ = {isa = PBXBuildFile; fileRef = 917520B42ADB8B9A00188A57 /* Torch.xcframework */; settings = {ATTRIBUTES = (CodeSignOnCopy, RemoveHeadersOnCopy, ); }; };
		91FD383B2ADB0B2E00F411CE /* VideoMod.swift in Sources */ = {isa = PBXBuildFile; fileRef = 91FD383A2ADB0B2E00F411CE /* VideoMod.swift */; };
		ABA1F9A92ADBA70100D914DA /* LightClassification2.swift in Sources */ = {isa = PBXBuildFile; fileRef = ABA1F9A82ADBA70100D914DA /* LightClassification2.swift */; };
		ABA1F9AB2ADBB25100D914DA /* ClassificationView.swift in Sources */ = {isa = PBXBuildFile; fileRef = ABA1F9AA2ADBB25100D914DA /* ClassificationView.swift */; };
		B5216D022ADA26DC00BCAD0D /* MorseCodeApp.swift in Sources */ = {isa = PBXBuildFile; fileRef = B5216D012ADA26DC00BCAD0D /* MorseCodeApp.swift */; };
		B5216D042ADA26DC00BCAD0D /* ContentView.swift in Sources */ = {isa = PBXBuildFile; fileRef = B5216D032ADA26DC00BCAD0D /* ContentView.swift */; };
		B5216D062ADA26DE00BCAD0D /* Assets.xcassets in Resources */ = {isa = PBXBuildFile; fileRef = B5216D052ADA26DE00BCAD0D /* Assets.xcassets */; };
		B5216D092ADA26DE00BCAD0D /* Preview Assets.xcassets in Resources */ = {isa = PBXBuildFile; fileRef = B5216D082ADA26DE00BCAD0D /* Preview Assets.xcassets */; };
		B5216D102ADA2A5900BCAD0D /* Home.swift in Sources */ = {isa = PBXBuildFile; fileRef = B5216D0F2ADA2A5900BCAD0D /* Home.swift */; };
		B59E31172ADB7B9F00E6A4C8 /* VideoView.swift in Sources */ = {isa = PBXBuildFile; fileRef = B59E31162ADB7B9F00E6A4C8 /* VideoView.swift */; };
		B59E31192ADB802E00E6A4C8 /* IMG_7605.mov in Resources */ = {isa = PBXBuildFile; fileRef = B59E31182ADB802E00E6A4C8 /* IMG_7605.mov */; };
		B59E311B2ADBF39500E6A4C8 /* IMG_2954.mov in Resources */ = {isa = PBXBuildFile; fileRef = B59E311A2ADBF39500E6A4C8 /* IMG_2954.mov */; };
/* End PBXBuildFile section */

/* Begin PBXCopyFilesBuildPhase section */
		917520B72ADB8B9A00188A57 /* Embed Frameworks */ = {
			isa = PBXCopyFilesBuildPhase;
			buildActionMask = 2147483647;
			dstPath = "";
			dstSubfolderSpec = 10;
			files = (
				917520B62ADB8B9A00188A57 /* Torch.xcframework in Embed Frameworks */,
			);
			name = "Embed Frameworks";
			runOnlyForDeploymentPostprocessing = 0;
		};
/* End PBXCopyFilesBuildPhase section */

/* Begin PBXFileReference section */
		91716B922ADA4154004223CA /* ImagePicker.swift */ = {isa = PBXFileReference; lastKnownFileType = sourcecode.swift; path = ImagePicker.swift; sourceTree = "<group>"; };
		917520B42ADB8B9A00188A57 /* Torch.xcframework */ = {isa = PBXFileReference; lastKnownFileType = wrapper.xcframework; name = Torch.xcframework; path = MorseCode/Torch.xcframework; sourceTree = "<group>"; };
		91FD383A2ADB0B2E00F411CE /* VideoMod.swift */ = {isa = PBXFileReference; lastKnownFileType = sourcecode.swift; path = VideoMod.swift; sourceTree = "<group>"; };
		ABA1F9A82ADBA70100D914DA /* LightClassification2.swift */ = {isa = PBXFileReference; lastKnownFileType = sourcecode.swift; path = LightClassification2.swift; sourceTree = "<group>"; };
		ABA1F9AA2ADBB25100D914DA /* ClassificationView.swift */ = {isa = PBXFileReference; lastKnownFileType = sourcecode.swift; path = ClassificationView.swift; sourceTree = "<group>"; };
		B5216CFE2ADA26DC00BCAD0D /* Morse Torch.app */ = {isa = PBXFileReference; explicitFileType = wrapper.application; includeInIndex = 0; path = "Morse Torch.app"; sourceTree = BUILT_PRODUCTS_DIR; };
		B5216D012ADA26DC00BCAD0D /* MorseCodeApp.swift */ = {isa = PBXFileReference; lastKnownFileType = sourcecode.swift; path = MorseCodeApp.swift; sourceTree = "<group>"; };
		B5216D032ADA26DC00BCAD0D /* ContentView.swift */ = {isa = PBXFileReference; lastKnownFileType = sourcecode.swift; path = ContentView.swift; sourceTree = "<group>"; };
		B5216D052ADA26DE00BCAD0D /* Assets.xcassets */ = {isa = PBXFileReference; lastKnownFileType = folder.assetcatalog; path = Assets.xcassets; sourceTree = "<group>"; };
		B5216D082ADA26DE00BCAD0D /* Preview Assets.xcassets */ = {isa = PBXFileReference; lastKnownFileType = folder.assetcatalog; path = "Preview Assets.xcassets"; sourceTree = "<group>"; };
		B5216D0F2ADA2A5900BCAD0D /* Home.swift */ = {isa = PBXFileReference; lastKnownFileType = sourcecode.swift; path = Home.swift; sourceTree = "<group>"; };
		B59E31162ADB7B9F00E6A4C8 /* VideoView.swift */ = {isa = PBXFileReference; lastKnownFileType = sourcecode.swift; path = VideoView.swift; sourceTree = "<group>"; };
		B59E31182ADB802E00E6A4C8 /* IMG_7605.mov */ = {isa = PBXFileReference; lastKnownFileType = video.quicktime; path = IMG_7605.mov; sourceTree = "<group>"; };
		B59E311A2ADBF39500E6A4C8 /* IMG_2954.mov */ = {isa = PBXFileReference; lastKnownFileType = video.quicktime; path = IMG_2954.mov; sourceTree = "<group>"; };
/* End PBXFileReference section */

/* Begin PBXFrameworksBuildPhase section */
		B5216CFB2ADA26DC00BCAD0D /* Frameworks */ = {
			isa = PBXFrameworksBuildPhase;
			buildActionMask = 2147483647;
			files = (
				917520B52ADB8B9A00188A57 /* Torch.xcframework in Frameworks */,
			);
			runOnlyForDeploymentPostprocessing = 0;
		};
/* End PBXFrameworksBuildPhase section */

/* Begin PBXGroup section */
		917520B32ADB8B9A00188A57 /* Frameworks */ = {
			isa = PBXGroup;
			children = (
				917520B42ADB8B9A00188A57 /* Torch.xcframework */,
			);
			name = Frameworks;
			sourceTree = "<group>";
		};
		B5216CF52ADA26DC00BCAD0D = {
			isa = PBXGroup;
			children = (
				B5216D002ADA26DC00BCAD0D /* MorseCode */,
				B5216CFF2ADA26DC00BCAD0D /* Products */,
				917520B32ADB8B9A00188A57 /* Frameworks */,
			);
			sourceTree = "<group>";
		};
		B5216CFF2ADA26DC00BCAD0D /* Products */ = {
			isa = PBXGroup;
			children = (
				B5216CFE2ADA26DC00BCAD0D /* Morse Torch.app */,
			);
			name = Products;
			sourceTree = "<group>";
		};
		B5216D002ADA26DC00BCAD0D /* MorseCode */ = {
			isa = PBXGroup;
			children = (
				B5216D012ADA26DC00BCAD0D /* MorseCodeApp.swift */,
				91FD383A2ADB0B2E00F411CE /* VideoMod.swift */,
				B59E31162ADB7B9F00E6A4C8 /* VideoView.swift */,
				ABA1F9A82ADBA70100D914DA /* LightClassification2.swift */,
				B5216D032ADA26DC00BCAD0D /* ContentView.swift */,
				ABA1F9AA2ADBB25100D914DA /* ClassificationView.swift */,
				B5216D052ADA26DE00BCAD0D /* Assets.xcassets */,
				B5216D072ADA26DE00BCAD0D /* Preview Content */,
				B5216D0F2ADA2A5900BCAD0D /* Home.swift */,
				91716B922ADA4154004223CA /* ImagePicker.swift */,
				B59E311A2ADBF39500E6A4C8 /* IMG_2954.mov */,
				B59E31182ADB802E00E6A4C8 /* IMG_7605.mov */,
			);
			path = MorseCode;
			sourceTree = "<group>";
		};
		B5216D072ADA26DE00BCAD0D /* Preview Content */ = {
			isa = PBXGroup;
			children = (
				B5216D082ADA26DE00BCAD0D /* Preview Assets.xcassets */,
			);
			path = "Preview Content";
			sourceTree = "<group>";
		};
/* End PBXGroup section */

/* Begin PBXNativeTarget section */
		B5216CFD2ADA26DC00BCAD0D /* Morse Torch */ = {
			isa = PBXNativeTarget;
			buildConfigurationList = B5216D0C2ADA26DE00BCAD0D /* Build configuration list for PBXNativeTarget "Morse Torch" */;
			buildPhases = (
				B5216CFA2ADA26DC00BCAD0D /* Sources */,
				B5216CFB2ADA26DC00BCAD0D /* Frameworks */,
				B5216CFC2ADA26DC00BCAD0D /* Resources */,
				917520B72ADB8B9A00188A57 /* Embed Frameworks */,
			);
			buildRules = (
			);
			dependencies = (
			);
			name = "Morse Torch";
			productName = MorseCode;
			productReference = B5216CFE2ADA26DC00BCAD0D /* Morse Torch.app */;
			productType = "com.apple.product-type.application";
		};
/* End PBXNativeTarget section */

/* Begin PBXProject section */
		B5216CF62ADA26DC00BCAD0D /* Project object */ = {
			isa = PBXProject;
			attributes = {
				BuildIndependentTargetsInParallel = 1;
				LastSwiftUpdateCheck = 1500;
				LastUpgradeCheck = 1500;
				TargetAttributes = {
					B5216CFD2ADA26DC00BCAD0D = {
						CreatedOnToolsVersion = 15.0;
					};
				};
			};
			buildConfigurationList = B5216CF92ADA26DC00BCAD0D /* Build configuration list for PBXProject "MorseCode" */;
			compatibilityVersion = "Xcode 14.0";
			developmentRegion = en;
			hasScannedForEncodings = 0;
			knownRegions = (
				en,
				Base,
			);
			mainGroup = B5216CF52ADA26DC00BCAD0D;
			productRefGroup = B5216CFF2ADA26DC00BCAD0D /* Products */;
			projectDirPath = "";
			projectRoot = "";
			targets = (
				B5216CFD2ADA26DC00BCAD0D /* Morse Torch */,
			);
		};
/* End PBXProject section */

/* Begin PBXResourcesBuildPhase section */
		B5216CFC2ADA26DC00BCAD0D /* Resources */ = {
			isa = PBXResourcesBuildPhase;
			buildActionMask = 2147483647;
			files = (
				B59E311B2ADBF39500E6A4C8 /* IMG_2954.mov in Resources */,
				B5216D092ADA26DE00BCAD0D /* Preview Assets.xcassets in Resources */,
				B59E31192ADB802E00E6A4C8 /* IMG_7605.mov in Resources */,
				B5216D062ADA26DE00BCAD0D /* Assets.xcassets in Resources */,
			);
			runOnlyForDeploymentPostprocessing = 0;
		};
/* End PBXResourcesBuildPhase section */

/* Begin PBXSourcesBuildPhase section */
		B5216CFA2ADA26DC00BCAD0D /* Sources */ = {
			isa = PBXSourcesBuildPhase;
			buildActionMask = 2147483647;
			files = (
				B59E31172ADB7B9F00E6A4C8 /* VideoView.swift in Sources */,
				91FD383B2ADB0B2E00F411CE /* VideoMod.swift in Sources */,
				ABA1F9AB2ADBB25100D914DA /* ClassificationView.swift in Sources */,
				B5216D042ADA26DC00BCAD0D /* ContentView.swift in Sources */,
				91716B932ADA4154004223CA /* ImagePicker.swift in Sources */,
				ABA1F9A92ADBA70100D914DA /* LightClassification2.swift in Sources */,
				B5216D102ADA2A5900BCAD0D /* Home.swift in Sources */,
				B5216D022ADA26DC00BCAD0D /* MorseCodeApp.swift in Sources */,
			);
			runOnlyForDeploymentPostprocessing = 0;
		};
/* End PBXSourcesBuildPhase section */

/* Begin XCBuildConfiguration section */
		B5216D0A2ADA26DE00BCAD0D /* Debug */ = {
			isa = XCBuildConfiguration;
			buildSettings = {
				ALWAYS_SEARCH_USER_PATHS = NO;
				ASSETCATALOG_COMPILER_GENERATE_SWIFT_ASSET_SYMBOL_EXTENSIONS = YES;
				CLANG_ANALYZER_NONNULL = YES;
				CLANG_ANALYZER_NUMBER_OBJECT_CONVERSION = YES_AGGRESSIVE;
				CLANG_CXX_LANGUAGE_STANDARD = "gnu++20";
				CLANG_ENABLE_MODULES = YES;
				CLANG_ENABLE_OBJC_ARC = YES;
				CLANG_ENABLE_OBJC_WEAK = YES;
				CLANG_WARN_BLOCK_CAPTURE_AUTORELEASING = YES;
				CLANG_WARN_BOOL_CONVERSION = YES;
				CLANG_WARN_COMMA = YES;
				CLANG_WARN_CONSTANT_CONVERSION = YES;
				CLANG_WARN_DEPRECATED_OBJC_IMPLEMENTATIONS = YES;
				CLANG_WARN_DIRECT_OBJC_ISA_USAGE = YES_ERROR;
				CLANG_WARN_DOCUMENTATION_COMMENTS = YES;
				CLANG_WARN_EMPTY_BODY = YES;
				CLANG_WARN_ENUM_CONVERSION = YES;
				CLANG_WARN_INFINITE_RECURSION = YES;
				CLANG_WARN_INT_CONVERSION = YES;
				CLANG_WARN_NON_LITERAL_NULL_CONVERSION = YES;
				CLANG_WARN_OBJC_IMPLICIT_RETAIN_SELF = YES;
				CLANG_WARN_OBJC_LITERAL_CONVERSION = YES;
				CLANG_WARN_OBJC_ROOT_CLASS = YES_ERROR;
				CLANG_WARN_QUOTED_INCLUDE_IN_FRAMEWORK_HEADER = YES;
				CLANG_WARN_RANGE_LOOP_ANALYSIS = YES;
				CLANG_WARN_STRICT_PROTOTYPES = YES;
				CLANG_WARN_SUSPICIOUS_MOVE = YES;
				CLANG_WARN_UNGUARDED_AVAILABILITY = YES_AGGRESSIVE;
				CLANG_WARN_UNREACHABLE_CODE = YES;
				CLANG_WARN__DUPLICATE_METHOD_MATCH = YES;
				COPY_PHASE_STRIP = NO;
				DEBUG_INFORMATION_FORMAT = dwarf;
				ENABLE_STRICT_OBJC_MSGSEND = YES;
				ENABLE_TESTABILITY = YES;
				ENABLE_USER_SCRIPT_SANDBOXING = YES;
				GCC_C_LANGUAGE_STANDARD = gnu17;
				GCC_DYNAMIC_NO_PIC = NO;
				GCC_NO_COMMON_BLOCKS = YES;
				GCC_OPTIMIZATION_LEVEL = 0;
				GCC_PREPROCESSOR_DEFINITIONS = (
					"DEBUG=1",
					"$(inherited)",
				);
				GCC_WARN_64_TO_32_BIT_CONVERSION = YES;
				GCC_WARN_ABOUT_RETURN_TYPE = YES_ERROR;
				GCC_WARN_UNDECLARED_SELECTOR = YES;
				GCC_WARN_UNINITIALIZED_AUTOS = YES_AGGRESSIVE;
				GCC_WARN_UNUSED_FUNCTION = YES;
				GCC_WARN_UNUSED_VARIABLE = YES;
				IPHONEOS_DEPLOYMENT_TARGET = 17.0;
				LOCALIZATION_PREFERS_STRING_CATALOGS = YES;
				MTL_ENABLE_DEBUG_INFO = INCLUDE_SOURCE;
				MTL_FAST_MATH = YES;
				ONLY_ACTIVE_ARCH = YES;
				SDKROOT = iphoneos;
				SWIFT_ACTIVE_COMPILATION_CONDITIONS = "DEBUG $(inherited)";
				SWIFT_OPTIMIZATION_LEVEL = "-Onone";
			};
			name = Debug;
		};
		B5216D0B2ADA26DE00BCAD0D /* Release */ = {
			isa = XCBuildConfiguration;
			buildSettings = {
				ALWAYS_SEARCH_USER_PATHS = NO;
				ASSETCATALOG_COMPILER_GENERATE_SWIFT_ASSET_SYMBOL_EXTENSIONS = YES;
				CLANG_ANALYZER_NONNULL = YES;
				CLANG_ANALYZER_NUMBER_OBJECT_CONVERSION = YES_AGGRESSIVE;
				CLANG_CXX_LANGUAGE_STANDARD = "gnu++20";
				CLANG_ENABLE_MODULES = YES;
				CLANG_ENABLE_OBJC_ARC = YES;
				CLANG_ENABLE_OBJC_WEAK = YES;
				CLANG_WARN_BLOCK_CAPTURE_AUTORELEASING = YES;
				CLANG_WARN_BOOL_CONVERSION = YES;
				CLANG_WARN_COMMA = YES;
				CLANG_WARN_CONSTANT_CONVERSION = YES;
				CLANG_WARN_DEPRECATED_OBJC_IMPLEMENTATIONS = YES;
				CLANG_WARN_DIRECT_OBJC_ISA_USAGE = YES_ERROR;
				CLANG_WARN_DOCUMENTATION_COMMENTS = YES;
				CLANG_WARN_EMPTY_BODY = YES;
				CLANG_WARN_ENUM_CONVERSION = YES;
				CLANG_WARN_INFINITE_RECURSION = YES;
				CLANG_WARN_INT_CONVERSION = YES;
				CLANG_WARN_NON_LITERAL_NULL_CONVERSION = YES;
				CLANG_WARN_OBJC_IMPLICIT_RETAIN_SELF = YES;
				CLANG_WARN_OBJC_LITERAL_CONVERSION = YES;
				CLANG_WARN_OBJC_ROOT_CLASS = YES_ERROR;
				CLANG_WARN_QUOTED_INCLUDE_IN_FRAMEWORK_HEADER = YES;
				CLANG_WARN_RANGE_LOOP_ANALYSIS = YES;
				CLANG_WARN_STRICT_PROTOTYPES = YES;
				CLANG_WARN_SUSPICIOUS_MOVE = YES;
				CLANG_WARN_UNGUARDED_AVAILABILITY = YES_AGGRESSIVE;
				CLANG_WARN_UNREACHABLE_CODE = YES;
				CLANG_WARN__DUPLICATE_METHOD_MATCH = YES;
				COPY_PHASE_STRIP = NO;
				DEBUG_INFORMATION_FORMAT = "dwarf-with-dsym";
				ENABLE_NS_ASSERTIONS = NO;
				ENABLE_STRICT_OBJC_MSGSEND = YES;
				ENABLE_USER_SCRIPT_SANDBOXING = YES;
				GCC_C_LANGUAGE_STANDARD = gnu17;
				GCC_NO_COMMON_BLOCKS = YES;
				GCC_WARN_64_TO_32_BIT_CONVERSION = YES;
				GCC_WARN_ABOUT_RETURN_TYPE = YES_ERROR;
				GCC_WARN_UNDECLARED_SELECTOR = YES;
				GCC_WARN_UNINITIALIZED_AUTOS = YES_AGGRESSIVE;
				GCC_WARN_UNUSED_FUNCTION = YES;
				GCC_WARN_UNUSED_VARIABLE = YES;
				IPHONEOS_DEPLOYMENT_TARGET = 17.0;
				LOCALIZATION_PREFERS_STRING_CATALOGS = YES;
				MTL_ENABLE_DEBUG_INFO = NO;
				MTL_FAST_MATH = YES;
				SDKROOT = iphoneos;
				SWIFT_COMPILATION_MODE = wholemodule;
				VALIDATE_PRODUCT = YES;
			};
			name = Release;
		};
		B5216D0D2ADA26DE00BCAD0D /* Debug */ = {
			isa = XCBuildConfiguration;
			buildSettings = {
				ASSETCATALOG_COMPILER_APPICON_NAME = AppIcon;
				ASSETCATALOG_COMPILER_GLOBAL_ACCENT_COLOR_NAME = AccentColor;
				CODE_SIGN_STYLE = Automatic;
				CURRENT_PROJECT_VERSION = 1;
				DEVELOPMENT_ASSET_PATHS = "\"MorseCode/Preview Content\"";
				DEVELOPMENT_TEAM = 3962GJ728U;
				ENABLE_PREVIEWS = YES;
				GENERATE_INFOPLIST_FILE = YES;
				INFOPLIST_KEY_NSCameraUsageDescription = "Please allow Camera Access";
				INFOPLIST_KEY_NSMicrophoneUsageDescription = "Please Allow Access";
				INFOPLIST_KEY_UIApplicationSceneManifest_Generation = YES;
				INFOPLIST_KEY_UIApplicationSupportsIndirectInputEvents = YES;
				INFOPLIST_KEY_UILaunchScreen_Generation = YES;
				INFOPLIST_KEY_UILaunchStoryboardName = "";
				INFOPLIST_KEY_UISupportedInterfaceOrientations = UIInterfaceOrientationPortrait;
				INFOPLIST_KEY_UISupportedInterfaceOrientations_iPad = "UIInterfaceOrientationLandscapeLeft UIInterfaceOrientationLandscapeRight UIInterfaceOrientationPortrait UIInterfaceOrientationPortraitUpsideDown";
				LD_RUNPATH_SEARCH_PATHS = (
					"$(inherited)",
					"@executable_path/Frameworks",
				);
				MARKETING_VERSION = 1.0;
				PRODUCT_BUNDLE_IDENTIFIER = NamkhangNLee11;
				PRODUCT_NAME = "$(TARGET_NAME)";
				SWIFT_EMIT_LOC_STRINGS = YES;
				SWIFT_VERSION = 5.0;
				TARGETED_DEVICE_FAMILY = "1,2";
			};
			name = Debug;
		};
		B5216D0E2ADA26DE00BCAD0D /* Release */ = {
			isa = XCBuildConfiguration;
			buildSettings = {
				ASSETCATALOG_COMPILER_APPICON_NAME = AppIcon;
				ASSETCATALOG_COMPILER_GLOBAL_ACCENT_COLOR_NAME = AccentColor;
				CODE_SIGN_STYLE = Automatic;
				CURRENT_PROJECT_VERSION = 1;
				DEVELOPMENT_ASSET_PATHS = "\"MorseCode/Preview Content\"";
				DEVELOPMENT_TEAM = 3962GJ728U;
				ENABLE_PREVIEWS = YES;
				GENERATE_INFOPLIST_FILE = YES;
				INFOPLIST_KEY_NSCameraUsageDescription = "Please allow Camera Access";
				INFOPLIST_KEY_NSMicrophoneUsageDescription = "Please Allow Access";
				INFOPLIST_KEY_UIApplicationSceneManifest_Generation = YES;
				INFOPLIST_KEY_UIApplicationSupportsIndirectInputEvents = YES;
				INFOPLIST_KEY_UILaunchScreen_Generation = YES;
				INFOPLIST_KEY_UILaunchStoryboardName = "";
				INFOPLIST_KEY_UISupportedInterfaceOrientations = UIInterfaceOrientationPortrait;
				INFOPLIST_KEY_UISupportedInterfaceOrientations_iPad = "UIInterfaceOrientationLandscapeLeft UIInterfaceOrientationLandscapeRight UIInterfaceOrientationPortrait UIInterfaceOrientationPortraitUpsideDown";
				LD_RUNPATH_SEARCH_PATHS = (
					"$(inherited)",
					"@executable_path/Frameworks",
				);
				MARKETING_VERSION = 1.0;
				PRODUCT_BUNDLE_IDENTIFIER = NamkhangNLee11;
				PRODUCT_NAME = "$(TARGET_NAME)";
				SWIFT_EMIT_LOC_STRINGS = YES;
				SWIFT_VERSION = 5.0;
				TARGETED_DEVICE_FAMILY = "1,2";
			};
			name = Release;
		};
/* End XCBuildConfiguration section */

/* Begin XCConfigurationList section */
		B5216CF92ADA26DC00BCAD0D /* Build configuration list for PBXProject "MorseCode" */ = {
			isa = XCConfigurationList;
			buildConfigurations = (
				B5216D0A2ADA26DE00BCAD0D /* Debug */,
				B5216D0B2ADA26DE00BCAD0D /* Release */,
			);
			defaultConfigurationIsVisible = 0;
			defaultConfigurationName = Release;
		};
		B5216D0C2ADA26DE00BCAD0D /* Build configuration list for PBXNativeTarget "Morse Torch" */ = {
			isa = XCConfigurationList;
			buildConfigurations = (
				B5216D0D2ADA26DE00BCAD0D /* Debug */,
				B5216D0E2ADA26DE00BCAD0D /* Release */,
			);
			defaultConfigurationIsVisible = 0;
			defaultConfigurationName = Release;
		};
/* End XCConfigurationList section */
	};
	rootObject = B5216CF62ADA26DC00BCAD0D /* Project object */;
}
